
Microsoft Visual Studio Solution File, Format Version 12.00
# Visual Studio Version 16
VisualStudioVersion = 16.0.31702.278
MinimumVisualStudioVersion = 10.0.40219.1
Project("{FAE04EC0-301F-11D3-BF4B-00C04F79EFBC}") = "WebApplication", "WebApplication\WebApplication.csproj", "{34B23492-BAB0-4BEA-A764-A3DD70DF7E7F}"
EndProject
Global
	GlobalSection(SolutionConfigurationPlatforms) = preSolution
		Debug|Any CPU = Debug|Any CPU
		Release|Any CPU = Release|Any CPU
	EndGlobalSection
	GlobalSection(ProjectConfigurationPlatforms) = postSolution
		{34B23492-BAB0-4BEA-A764-A3DD70DF7E7F}.Debug|Any CPU.ActiveCfg = Debug|Any CPU
		{34B23492-BAB0-4BEA-A764-A3DD70DF7E7F}.Debug|Any CPU.Build.0 = Debug|Any CPU
		{34B23492-BAB0-4BEA-A764-A3DD70DF7E7F}.Release|Any CPU.ActiveCfg = Release|Any CPU
		{34B23492-BAB0-4BEA-A764-A3DD70DF7E7F}.Release|Any CPU.Build.0 = Release|Any CPU
	EndGlobalSection
	GlobalSection(SolutionProperties) = preSolution
		HideSolutionNode = FALSE
	EndGlobalSection
	GlobalSection(ExtensibilityGlobals) = postSolution
		SolutionGuid = {7AC6C9FF-43B7-4D5C-983E-582F38917FDF}
	EndGlobalSection
EndGlobal
